
Microsoft Visual Studio Solution File, Format Version 12.00
# Visual Studio Version 17
VisualStudioVersion = 17.0.31903.59
MinimumVisualStudioVersion = 10.0.40219.1
Project("{2150E333-8FDC-42A3-9474-1A3956D46DE8}") = "__", "__", "{531AD3C9-B978-4306-8EEC-9EC14EFDD470}"
	ProjectSection(SolutionItems) = preProject
		.gitignore = .gitignore
		Directory.Packages.props = Directory.Packages.props
		global.json = global.json
		README.md = README.md
	EndProjectSection
EndProject
Project("{2150E333-8FDC-42A3-9474-1A3956D46DE8}") = "Services", "Services", "{78C8B387-2981-428B-87BD-6A1625BE6748}"
EndProject
Project("{2150E333-8FDC-42A3-9474-1A3956D46DE8}") = "People", "People", "{DD913192-D4C1-4161-BC76-29AD9B763159}"
EndProject
Project("{9A19103F-16F7-4668-BE54-9A1E7A4F7556}") = "DNP.PeopleService", "src\Services\PeopleService\DNP.PeopleService\DNP.PeopleService.csproj", "{878A8ADA-9E41-4780-8B36-2DB1095B9569}"
EndProject
Project("{9A19103F-16F7-4668-BE54-9A1E7A4F7556}") = "DNP.PeopleService.Tests", "src\Services\PeopleService\DNP.PeopleService.Tests\DNP.PeopleService.Tests.csproj", "{D29011FE-0A73-4E63-A213-BB06A1B49DB8}"
EndProject
Global
	GlobalSection(SolutionConfigurationPlatforms) = preSolution
		Debug|Any CPU = Debug|Any CPU
		Release|Any CPU = Release|Any CPU
	EndGlobalSection
	GlobalSection(ProjectConfigurationPlatforms) = postSolution
		{878A8ADA-9E41-4780-8B36-2DB1095B9569}.Debug|Any CPU.ActiveCfg = Debug|Any CPU
		{878A8ADA-9E41-4780-8B36-2DB1095B9569}.Debug|Any CPU.Build.0 = Debug|Any CPU
		{878A8ADA-9E41-4780-8B36-2DB1095B9569}.Release|Any CPU.ActiveCfg = Release|Any CPU
		{878A8ADA-9E41-4780-8B36-2DB1095B9569}.Release|Any CPU.Build.0 = Release|Any CPU
		{D29011FE-0A73-4E63-A213-BB06A1B49DB8}.Debug|Any CPU.ActiveCfg = Debug|Any CPU
		{D29011FE-0A73-4E63-A213-BB06A1B49DB8}.Debug|Any CPU.Build.0 = Debug|Any CPU
		{D29011FE-0A73-4E63-A213-BB06A1B49DB8}.Release|Any CPU.ActiveCfg = Release|Any CPU
		{D29011FE-0A73-4E63-A213-BB06A1B49DB8}.Release|Any CPU.Build.0 = Release|Any CPU
	EndGlobalSection
	GlobalSection(SolutionProperties) = preSolution
		HideSolutionNode = FALSE
	EndGlobalSection
	GlobalSection(NestedProjects) = preSolution
		{DD913192-D4C1-4161-BC76-29AD9B763159} = {78C8B387-2981-428B-87BD-6A1625BE6748}
		{878A8ADA-9E41-4780-8B36-2DB1095B9569} = {DD913192-D4C1-4161-BC76-29AD9B763159}
		{D29011FE-0A73-4E63-A213-BB06A1B49DB8} = {DD913192-D4C1-4161-BC76-29AD9B763159}
	EndGlobalSection
	GlobalSection(ExtensibilityGlobals) = postSolution
		SolutionGuid = {2059A513-BFFA-4025-B687-8107F5B45066}
	EndGlobalSection
EndGlobal
